
Microsoft Visual Studio Solution File, Format Version 12.00
# Visual Studio Version 16
VisualStudioVersion = 16.0.30011.22
MinimumVisualStudioVersion = 10.0.40219.1
Project("{FAE04EC0-301F-11D3-BF4B-00C04F79EFBC}") = "TeamProject_p1", "TeamProject_p1\TeamProject_p1.csproj", "{7C2D430C-16CA-4E3E-87DA-F1817091E62E}"
EndProject
Global
	GlobalSection(SolutionConfigurationPlatforms) = preSolution
		Debug|Any CPU = Debug|Any CPU
		Release|Any CPU = Release|Any CPU
	EndGlobalSection
	GlobalSection(ProjectConfigurationPlatforms) = postSolution
		{7C2D430C-16CA-4E3E-87DA-F1817091E62E}.Debug|Any CPU.ActiveCfg = Debug|Any CPU
		{7C2D430C-16CA-4E3E-87DA-F1817091E62E}.Debug|Any CPU.Build.0 = Debug|Any CPU
		{7C2D430C-16CA-4E3E-87DA-F1817091E62E}.Release|Any CPU.ActiveCfg = Release|Any CPU
		{7C2D430C-16CA-4E3E-87DA-F1817091E62E}.Release|Any CPU.Build.0 = Release|Any CPU
	EndGlobalSection
	GlobalSection(SolutionProperties) = preSolution
		HideSolutionNode = FALSE
	EndGlobalSection
	GlobalSection(ExtensibilityGlobals) = postSolution
		SolutionGuid = {9D13360C-38DD-406C-975E-C4878B9755D3}
	EndGlobalSection
EndGlobal
